# This file is automatically @generated by Cargo.
# It is not intended for manual editing.
version = 4

[[package]]
name = "sabidvi-cli"
version = "0.0.1"
dependencies = [
 "sabidvi-fonts",
 "sabidvi-format",
 "sabidvi-page",
 "sabirender-raster",
 "sabirender-svg",
]

[[package]]
name = "sabidvi-fonts"
version = "0.0.1"
dependencies = [
 "sabidvi-format",
 "sabidvi-page",
 "sabiface-glyph",
 "sabiface-map",
 "sabiface-metrics",
 "sabirender-display",
 "sabirender-raster",
]

[[package]]
name = "sabidvi-format"
version = "0.0.1"

[[package]]
name = "sabidvi-page"
version = "0.0.1"
dependencies = [
 "sabidvi-format",
 "sabidvi-special",
 "sabiface-metrics",
 "sabirender-content",
 "sabirender-display",
 "sabirender-raster",
]

[[package]]
name = "sabidvi-special"
version = "0.0.1"
dependencies = [
 "sabirender-display",
]

[[package]]
name = "sabiface-glyph"
version = "0.0.1"
source = "git+https://github.com/syzygy-inc/SabiFace.git?rev=f1647a2#f1647a297a2cdbd58ec8a2ab3283f59f6746f92c"
dependencies = [
 "ttf-parser",
]

[[package]]
name = "sabiface-map"
version = "0.0.1"
source = "git+https://github.com/syzygy-inc/SabiFace.git?rev=f1647a2#f1647a297a2cdbd58ec8a2ab3283f59f6746f92c"

[[package]]
name = "sabiface-metrics"
version = "0.0.1"
source = "git+https://github.com/syzygy-inc/SabiFace.git?rev=f1647a2#f1647a297a2cdbd58ec8a2ab3283f59f6746f92c"

[[package]]
name = "sabirender-content"
version = "0.0.1"
source = "git+https://github.com/syzygy-inc/SabiRender.git?rev=d87105f#d87105fc133a63cd1240100b6e40b9090e15bf18"
dependencies = [
 "sabirender-display",
]

[[package]]
name = "sabirender-display"
version = "0.0.1"
source = "git+https://github.com/syzygy-inc/SabiRender.git?rev=d87105f#d87105fc133a63cd1240100b6e40b9090e15bf18"

[[package]]
name = "sabirender-raster"
version = "0.0.1"
source = "git+https://github.com/syzygy-inc/SabiRender.git?rev=d87105f#d87105fc133a63cd1240100b6e40b9090e15bf18"
dependencies = [
 "sabirender-display",
]

[[package]]
name = "sabirender-svg"
version = "0.0.1"
source = "git+https://github.com/syzygy-inc/SabiRender.git?rev=d87105f#d87105fc133a63cd1240100b6e40b9090e15bf18"
dependencies = [
 "sabirender-display",
]

[[package]]
name = "ttf-parser"
version = "0.25.1"
source = "registry+https://github.com/rust-lang/crates.io-index"
checksum = "d2df906b07856748fa3f6e0ad0cbaa047052d4a7dd609e231c4f72cee8c36f31"
