# This file is automatically @generated by Cargo.
# It is not intended for manual editing.
version = 4

[[package]]
name = "sabidvi-cli"
version = "0.0.1"
dependencies = [
 "sabidvi-fonts",
 "sabidvi-format",
 "sabidvi-page",
 "sabirender-raster",
 "sabirender-svg",
]

[[package]]
name = "sabidvi-fonts"
version = "0.0.1"
dependencies = [
 "sabidvi-format",
 "sabidvi-page",
 "sabiface-glyph",
 "sabiface-map",
 "sabiface-metrics",
 "sabirender-display",
 "sabirender-raster",
]

[[package]]
name = "sabidvi-format"
version = "0.0.1"

[[package]]
name = "sabidvi-page"
version = "0.0.1"
dependencies = [
 "sabidvi-format",
 "sabidvi-special",
 "sabiface-metrics",
 "sabirender-content",
 "sabirender-display",
 "sabirender-raster",
]

[[package]]
name = "sabidvi-special"
version = "0.0.1"
dependencies = [
 "sabirender-display",
]

[[package]]
name = "sabiface-glyph"
version = "0.0.1"
source = "git+https://github.com/syzygy-inc/SabiFace.git?rev=47d16ca#47d16ca6afc69ea9f4a240af54d9af3c9e9619db"
dependencies = [
 "ttf-parser",
]

[[package]]
name = "sabiface-map"
version = "0.0.1"
source = "git+https://github.com/syzygy-inc/SabiFace.git?rev=47d16ca#47d16ca6afc69ea9f4a240af54d9af3c9e9619db"

[[package]]
name = "sabiface-metrics"
version = "0.0.1"
source = "git+https://github.com/syzygy-inc/SabiFace.git?rev=47d16ca#47d16ca6afc69ea9f4a240af54d9af3c9e9619db"

[[package]]
name = "sabirender-content"
version = "0.0.1"
source = "git+https://github.com/syzygy-inc/SabiRender.git?rev=d0ac8b0#d0ac8b094aef77c9050d301a5fe1921619bdd334"
dependencies = [
 "sabirender-display",
]

[[package]]
name = "sabirender-display"
version = "0.0.1"
source = "git+https://github.com/syzygy-inc/SabiRender.git?rev=d0ac8b0#d0ac8b094aef77c9050d301a5fe1921619bdd334"

[[package]]
name = "sabirender-raster"
version = "0.0.1"
source = "git+https://github.com/syzygy-inc/SabiRender.git?rev=d0ac8b0#d0ac8b094aef77c9050d301a5fe1921619bdd334"
dependencies = [
 "sabirender-display",
]

[[package]]
name = "sabirender-svg"
version = "0.0.1"
source = "git+https://github.com/syzygy-inc/SabiRender.git?rev=d0ac8b0#d0ac8b094aef77c9050d301a5fe1921619bdd334"
dependencies = [
 "sabirender-display",
]

[[package]]
name = "ttf-parser"
version = "0.25.1"
source = "registry+https://github.com/rust-lang/crates.io-index"
checksum = "d2df906b07856748fa3f6e0ad0cbaa047052d4a7dd609e231c4f72cee8c36f31"
