# This file is automatically @generated by Cargo.
# It is not intended for manual editing.
version = 4

[[package]]
name = "sabidvi-format"
version = "0.0.1"

[[package]]
name = "sabidvi-page"
version = "0.0.1"
dependencies = [
 "sabidvi-format",
 "sabidvi-special",
 "sabiface-metrics",
 "sabirender-content",
 "sabirender-display",
 "sabirender-raster",
]

[[package]]
name = "sabidvi-special"
version = "0.0.1"
dependencies = [
 "sabirender-display",
]

[[package]]
name = "sabiface-metrics"
version = "0.0.1"
source = "git+https://github.com/syzygy-inc/SabiFace.git?rev=f1647a2#f1647a297a2cdbd58ec8a2ab3283f59f6746f92c"

[[package]]
name = "sabirender-content"
version = "0.0.1"
source = "git+https://github.com/syzygy-inc/SabiRender.git?rev=60e04c7#60e04c7cdb57e7c1bc97f2799db16e7071e3ca58"
dependencies = [
 "sabirender-display",
]

[[package]]
name = "sabirender-display"
version = "0.0.1"
source = "git+https://github.com/syzygy-inc/SabiRender.git?rev=60e04c7#60e04c7cdb57e7c1bc97f2799db16e7071e3ca58"

[[package]]
name = "sabirender-raster"
version = "0.0.1"
source = "git+https://github.com/syzygy-inc/SabiRender.git?rev=60e04c7#60e04c7cdb57e7c1bc97f2799db16e7071e3ca58"
dependencies = [
 "sabirender-display",
]
